// !$*UTF8*$!
{
	archiveVersion = 1;
	classes = {
	};
	objectVersion = 46;
	objects = {

/* Begin PBXBuildFile section */
		219DE36D1B5F27D400A44E15 /* AppDelegate.swift in Sources */ = {isa = PBXBuildFile; fileRef = 219DE36C1B5F27D400A44E15 /* AppDelegate.swift */; };
		219DE36F1B5F27D400A44E15 /* ViewController.swift in Sources */ = {isa = PBXBuildFile; fileRef = 219DE36E1B5F27D400A44E15 /* ViewController.swift */; };
		219DE3721B5F27D400A44E15 /* Main.storyboard in Resources */ = {isa = PBXBuildFile; fileRef = 219DE3701B5F27D400A44E15 /* Main.storyboard */; };
		219DE3741B5F27D400A44E15 /* Images.xcassets in Resources */ = {isa = PBXBuildFile; fileRef = 219DE3731B5F27D400A44E15 /* Images.xcassets */; };
		219DE3771B5F27D400A44E15 /* LaunchScreen.xib in Resources */ = {isa = PBXBuildFile; fileRef = 219DE3751B5F27D400A44E15 /* LaunchScreen.xib */; };
		219DE3831B5F27D400A44E15 /* HelloWorldTests.swift in Sources */ = {isa = PBXBuildFile; fileRef = 219DE3821B5F27D400A44E15 /* HelloWorldTests.swift */; };
/* End PBXBuildFile section */

/* Begin PBXContainerItemProxy section */
		219DE37D1B5F27D400A44E15 /* PBXContainerItemProxy */ = {
			isa = PBXContainerItemProxy;
			containerPortal = 219DE35F1B5F27D400A44E15 /* Project object */;
			proxyType = 1;
			remoteGlobalIDString = 219DE3661B5F27D400A44E15;
			remoteInfo = HelloWorld;
		};
/* End PBXContainerItemProxy section */

/* Begin PBXFileReference section */
		219DE3671B5F27D400A44E15 /* HelloWorld.app */ = {isa = PBXFileReference; explicitFileType = wrapper.application; includeInIndex = 0; path = HelloWorld.app; sourceTree = BUILT_PRODUCTS_DIR; };
		219DE36B1B5F27D400A44E15 /* Info.plist */ = {isa = PBXFileReference; lastKnownFileType = text.plist.xml; path = Info.plist; sourceTree = "<group>"; };
		219DE36C1B5F27D400A44E15 /* AppDelegate.swift */ = {isa = PBXFileReference; lastKnownFileType = sourcecode.swift; path = AppDelegate.swift; sourceTree = "<group>"; };
		219DE36E1B5F27D400A44E15 /* ViewController.swift */ = {isa = PBXFileReference; lastKnownFileType = sourcecode.swift; path = ViewController.swift; sourceTree = "<group>"; };
		219DE3711B5F27D400A44E15 /* Base */ = {isa = PBXFileReference; lastKnownFileType = file.storyboard; name = Base; path = Base.lproj/Main.storyboard; sourceTree = "<group>"; };
		219DE3731B5F27D400A44E15 /* Images.xcassets */ = {isa = PBXFileReference; lastKnownFileType = folder.assetcatalog; path = Images.xcassets; sourceTree = "<group>"; };
		219DE3761B5F27D400A44E15 /* Base */ = {isa = PBXFileReference; lastKnownFileType = file.xib; name = Base; path = Base.lproj/LaunchScreen.xib; sourceTree = "<group>"; };
		219DE37C1B5F27D400A44E15 /* HelloWorldTests.xctest */ = {isa = PBXFileReference; explicitFileType = wrapper.cfbundle; includeInIndex = 0; path = HelloWorldTests.xctest; sourceTree = BUILT_PRODUCTS_DIR; };
		219DE3811B5F27D400A44E15 /* Info.plist */ = {isa = PBXFileReference; lastKnownFileType = text.plist.xml; path = Info.plist; sourceTree = "<group>"; };
		219DE3821B5F27D400A44E15 /* HelloWorldTests.swift */ = {isa = PBXFileReference; lastKnownFileType = sourcecode.swift; path = HelloWorldTests.swift; sourceTree = "<group>"; };
/* End PBXFileReference section */

/* Begin PBXFrameworksBuildPhase section */
		219DE3641B5F27D400A44E15 /* Frameworks */ = {
			isa = PBXFrameworksBuildPhase;
			buildActionMask = 2147483647;
			files = (
			);
			runOnlyForDeploymentPostprocessing = 0;
		};
		219DE3791B5F27D400A44E15 /* Frameworks */ = {
			isa = PBXFrameworksBuildPhase;
			buildActionMask = 2147483647;
			files = (
			);
			runOnlyForDeploymentPostprocessing = 0;
		};
/* End PBXFrameworksBuildPhase section */

/* Begin PBXGroup section */
		219DE35E1B5F27D400A44E15 = {
			isa = PBXGroup;
			children = (
				219DE3691B5F27D400A44E15 /* HelloWorld */,
				219DE37F1B5F27D400A44E15 /* HelloWorldTests */,
				219DE3681B5F27D400A44E15 /* Products */,
			);
			sourceTree = "<group>";
		};
		219DE3681B5F27D400A44E15 /* Products */ = {
			isa = PBXGroup;
			children = (
				219DE3671B5F27D400A44E15 /* HelloWorld.app */,
				219DE37C1B5F27D400A44E15 /* HelloWorldTests.xctest */,
			);
			name = Products;
			sourceTree = "<group>";
		};
		219DE3691B5F27D400A44E15 /* HelloWorld */ = {
			isa = PBXGroup;
			children = (
				219DE36C1B5F27D400A44E15 /* AppDelegate.swift */,
				219DE36E1B5F27D400A44E15 /* ViewController.swift */,
				219DE3701B5F27D400A44E15 /* Main.storyboard */,
				219DE3731B5F27D400A44E15 /* Images.xcassets */,
				219DE3751B5F27D400A44E15 /* LaunchScreen.xib */,
				219DE36A1B5F27D400A44E15 /* Supporting Files */,
			);
			path = HelloWorld;
			sourceTree = "<group>";
		};
		219DE36A1B5F27D400A44E15 /* Supporting Files */ = {
			isa = PBXGroup;
			children = (
				219DE36B1B5F27D400A44E15 /* Info.plist */,
			);
			name = "Supporting Files";
			sourceTree = "<group>";
		};
		219DE37F1B5F27D400A44E15 /* HelloWorldTests */ = {
			isa = PBXGroup;
			children = (
				219DE3821B5F27D400A44E15 /* HelloWorldTests.swift */,
				219DE3801B5F27D400A44E15 /* Supporting Files */,
			);
			path = HelloWorldTests;
			sourceTree = "<group>";
		};
		219DE3801B5F27D400A44E15 /* Supporting Files */ = {
			isa = PBXGroup;
			children = (
				219DE3811B5F27D400A44E15 /* Info.plist */,
			);
			name = "Supporting Files";
			sourceTree = "<group>";
		};
/* End PBXGroup section */

/* Begin PBXNativeTarget section */
		219DE3661B5F27D400A44E15 /* HelloWorld */ = {
			isa = PBXNativeTarget;
			buildConfigurationList = 219DE3861B5F27D400A44E15 /* Build configuration list for PBXNativeTarget "HelloWorld" */;
			buildPhases = (
				219DE3631B5F27D400A44E15 /* Sources */,
				219DE3641B5F27D400A44E15 /* Frameworks */,
				219DE3651B5F27D400A44E15 /* Resources */,
			);
			buildRules = (
			);
			dependencies = (
			);
			name = HelloWorld;
			productName = HelloWorld;
			productReference = 219DE3671B5F27D400A44E15 /* HelloWorld.app */;
			productType = "com.apple.product-type.application";
		};
		219DE37B1B5F27D400A44E15 /* HelloWorldTests */ = {
			isa = PBXNativeTarget;
			buildConfigurationList = 219DE3891B5F27D400A44E15 /* Build configuration list for PBXNativeTarget "HelloWorldTests" */;
			buildPhases = (
				219DE3781B5F27D400A44E15 /* Sources */,
				219DE3791B5F27D400A44E15 /* Frameworks */,
				219DE37A1B5F27D400A44E15 /* Resources */,
			);
			buildRules = (
			);
			dependencies = (
				219DE37E1B5F27D400A44E15 /* PBXTargetDependency */,
			);
			name = HelloWorldTests;
			productName = HelloWorldTests;
			productReference = 219DE37C1B5F27D400A44E15 /* HelloWorldTests.xctest */;
			productType = "com.apple.product-type.bundle.unit-test";
		};
/* End PBXNativeTarget section */

/* Begin PBXProject section */
		219DE35F1B5F27D400A44E15 /* Project object */ = {
			isa = PBXProject;
			attributes = {
				LastUpgradeCheck = 0640;
				ORGANIZATIONNAME = "WEI, Yunchen";
				TargetAttributes = {
					219DE3661B5F27D400A44E15 = {
						CreatedOnToolsVersion = 6.4;
					};
					219DE37B1B5F27D400A44E15 = {
						CreatedOnToolsVersion = 6.4;
						TestTargetID = 219DE3661B5F27D400A44E15;
					};
				};
			};
			buildConfigurationList = 219DE3621B5F27D400A44E15 /* Build configuration list for PBXProject "HelloWorld" */;
			compatibilityVersion = "Xcode 3.2";
			developmentRegion = English;
			hasScannedForEncodings = 0;
			knownRegions = (
				en,
				Base,
			);
			mainGroup = 219DE35E1B5F27D400A44E15;
			productRefGroup = 219DE3681B5F27D400A44E15 /* Products */;
			projectDirPath = "";
			projectRoot = "";
			targets = (
				219DE3661B5F27D400A44E15 /* HelloWorld */,
				219DE37B1B5F27D400A44E15 /* HelloWorldTests */,
			);
		};
/* End PBXProject section */

/* Begin PBXResourcesBuildPhase section */
		219DE3651B5F27D400A44E15 /* Resources */ = {
			isa = PBXResourcesBuildPhase;
			buildActionMask = 2147483647;
			files = (
				219DE3721B5F27D400A44E15 /* Main.storyboard in Resources */,
				219DE3771B5F27D400A44E15 /* LaunchScreen.xib in Resources */,
				219DE3741B5F27D400A44E15 /* Images.xcassets in Resources */,
			);
			runOnlyForDeploymentPostprocessing = 0;
		};
		219DE37A1B5F27D400A44E15 /* Resources */ = {
			isa = PBXResourcesBuildPhase;
			buildActionMask = 2147483647;
			files = (
			);
			runOnlyForDeploymentPostprocessing = 0;
		};
/* End PBXResourcesBuildPhase section */

/* Begin PBXSourcesBuildPhase section */
		219DE3631B5F27D400A44E15 /* Sources */ = {
			isa = PBXSourcesBuildPhase;
			buildActionMask = 2147483647;
			files = (
				219DE36F1B5F27D400A44E15 /* ViewController.swift in Sources */,
				219DE36D1B5F27D400A44E15 /* AppDelegate.swift in Sources */,
			);
			runOnlyForDeploymentPostprocessing = 0;
		};
		219DE3781B5F27D400A44E15 /* Sources */ = {
			isa = PBXSourcesBuildPhase;
			buildActionMask = 2147483647;
			files = (
				219DE3831B5F27D400A44E15 /* HelloWorldTests.swift in Sources */,
			);
			runOnlyForDeploymentPostprocessing = 0;
		};
/* End PBXSourcesBuildPhase section */

/* Begin PBXTargetDependency section */
		219DE37E1B5F27D400A44E15 /* PBXTargetDependency */ = {
			isa = PBXTargetDependency;
			target = 219DE3661B5F27D400A44E15 /* HelloWorld */;
			targetProxy = 219DE37D1B5F27D400A44E15 /* PBXContainerItemProxy */;
		};
/* End PBXTargetDependency section */

/* Begin PBXVariantGroup section */
		219DE3701B5F27D400A44E15 /* Main.storyboard */ = {
			isa = PBXVariantGroup;
			children = (
				219DE3711B5F27D400A44E15 /* Base */,
			);
			name = Main.storyboard;
			sourceTree = "<group>";
		};
		219DE3751B5F27D400A44E15 /* LaunchScreen.xib */ = {
			isa = PBXVariantGroup;
			children = (
				219DE3761B5F27D400A44E15 /* Base */,
			);
			name = LaunchScreen.xib;
			sourceTree = "<group>";
		};
/* End PBXVariantGroup section */

/* Begin XCBuildConfiguration section */
		219DE3841B5F27D400A44E15 /* Debug */ = {
			isa = XCBuildConfiguration;
			buildSettings = {
				ALWAYS_SEARCH_USER_PATHS = NO;
				CLANG_CXX_LANGUAGE_STANDARD = "gnu++0x";
				CLANG_CXX_LIBRARY = "libc++";
				CLANG_ENABLE_MODULES = YES;
				CLANG_ENABLE_OBJC_ARC = YES;
				CLANG_WARN_BOOL_CONVERSION = YES;
				CLANG_WARN_CONSTANT_CONVERSION = YES;
				CLANG_WARN_DIRECT_OBJC_ISA_USAGE = YES_ERROR;
				CLANG_WARN_EMPTY_BODY = YES;
				CLANG_WARN_ENUM_CONVERSION = YES;
				CLANG_WARN_INT_CONVERSION = YES;
				CLANG_WARN_OBJC_ROOT_CLASS = YES_ERROR;
				CLANG_WARN_UNREACHABLE_CODE = YES;
				CLANG_WARN__DUPLICATE_METHOD_MATCH = YES;
				"CODE_SIGN_IDENTITY[sdk=iphoneos*]" = "iPhone Developer";
				COPY_PHASE_STRIP = NO;
				DEBUG_INFORMATION_FORMAT = "dwarf-with-dsym";
				ENABLE_STRICT_OBJC_MSGSEND = YES;
				GCC_C_LANGUAGE_STANDARD = gnu99;
				GCC_DYNAMIC_NO_PIC = NO;
				GCC_NO_COMMON_BLOCKS = YES;
				GCC_OPTIMIZATION_LEVEL = 0;
				GCC_PREPROCESSOR_DEFINITIONS = (
					"DEBUG=1",
					"$(inherited)",
				);
				GCC_SYMBOLS_PRIVATE_EXTERN = NO;
				GCC_WARN_64_TO_32_BIT_CONVERSION = YES;
				GCC_WARN_ABOUT_RETURN_TYPE = YES_ERROR;
				GCC_WARN_UNDECLARED_SELECTOR = YES;
				GCC_WARN_UNINITIALIZED_AUTOS = YES_AGGRESSIVE;
				GCC_WARN_UNUSED_FUNCTION = YES;
				GCC_WARN_UNUSED_VARIABLE = YES;
				IPHONEOS_DEPLOYMENT_TARGET = 8.4;
				MTL_ENABLE_DEBUG_INFO = YES;
				ONLY_ACTIVE_ARCH = YES;
				SDKROOT = iphoneos;
				SWIFT_OPTIMIZATION_LEVEL = "-Onone";
			};
			name = Debug;
		};
		219DE3851B5F27D400A44E15 /* Release */ = {
			isa = XCBuildConfiguration;
			buildSettings = {
				ALWAYS_SEARCH_USER_PATHS = NO;
				CLANG_CXX_LANGUAGE_STANDARD = "gnu++0x";
				CLANG_CXX_LIBRARY = "libc++";
				CLANG_ENABLE_MODULES = YES;
				CLANG_ENABLE_OBJC_ARC = YES;
				CLANG_WARN_BOOL_CONVERSION = YES;
				CLANG_WARN_CONSTANT_CONVERSION = YES;
				CLANG_WARN_DIRECT_OBJC_ISA_USAGE = YES_ERROR;
				CLANG_WARN_EMPTY_BODY = YES;
				CLANG_WARN_ENUM_CONVERSION = YES;
				CLANG_WARN_INT_CONVERSION = YES;
				CLANG_WARN_OBJC_ROOT_CLASS = YES_ERROR;
				CLANG_WARN_UNREACHABLE_CODE = YES;
				CLANG_WARN__DUPLICATE_METHOD_MATCH = YES;
				"CODE_SIGN_IDENTITY[sdk=iphoneos*]" = "iPhone Developer";
				COPY_PHASE_STRIP = NO;
				DEBUG_INFORMATION_FORMAT = "dwarf-with-dsym";
				ENABLE_NS_ASSERTIONS = NO;
				ENABLE_STRICT_OBJC_MSGSEND = YES;
				GCC_C_LANGUAGE_STANDARD = gnu99;
				GCC_NO_COMMON_BLOCKS = YES;
				GCC_WARN_64_TO_32_BIT_CONVERSION = YES;
				GCC_WARN_ABOUT_RETURN_TYPE = YES_ERROR;
				GCC_WARN_UNDECLARED_SELECTOR = YES;
				GCC_WARN_UNINITIALIZED_AUTOS = YES_AGGRESSIVE;
				GCC_WARN_UNUSED_FUNCTION = YES;
				GCC_WARN_UNUSED_VARIABLE = YES;
				IPHONEOS_DEPLOYMENT_TARGET = 8.4;
				MTL_ENABLE_DEBUG_INFO = NO;
				SDKROOT = iphoneos;
				VALIDATE_PRODUCT = YES;
			};
			name = Release;
		};
		219DE3871B5F27D400A44E15 /* Debug */ = {
			isa = XCBuildConfiguration;
			buildSettings = {
				ASSETCATALOG_COMPILER_APPICON_NAME = AppIcon;
				INFOPLIST_FILE = HelloWorld/Info.plist;
				IPHONEOS_DEPLOYMENT_TARGET = 8.0;
				LD_RUNPATH_SEARCH_PATHS = "$(inherited) @executable_path/Frameworks";
				PRODUCT_NAME = "$(TARGET_NAME)";
			};
			name = Debug;
		};
		219DE3881B5F27D400A44E15 /* Release */ = {
			isa = XCBuildConfiguration;
			buildSettings = {
				ASSETCATALOG_COMPILER_APPICON_NAME = AppIcon;
				INFOPLIST_FILE = HelloWorld/Info.plist;
				IPHONEOS_DEPLOYMENT_TARGET = 8.0;
				LD_RUNPATH_SEARCH_PATHS = "$(inherited) @executable_path/Frameworks";
				PRODUCT_NAME = "$(TARGET_NAME)";
			};
			name = Release;
		};
		219DE38A1B5F27D400A44E15 /* Debug */ = {
			isa = XCBuildConfiguration;
			buildSettings = {
				BUNDLE_LOADER = "$(TEST_HOST)";
				FRAMEWORK_SEARCH_PATHS = (
					"$(SDKROOT)/Developer/Library/Frameworks",
					"$(inherited)",
				);
				GCC_PREPROCESSOR_DEFINITIONS = (
					"DEBUG=1",
					"$(inherited)",
				);
				INFOPLIST_FILE = HelloWorldTests/Info.plist;
				LD_RUNPATH_SEARCH_PATHS = "$(inherited) @executable_path/Frameworks @loader_path/Frameworks";
				PRODUCT_NAME = "$(TARGET_NAME)";
				TEST_HOST = "$(BUILT_PRODUCTS_DIR)/HelloWorld.app/HelloWorld";
			};
			name = Debug;
		};
		219DE38B1B5F27D400A44E15 /* Release */ = {
			isa = XCBuildConfiguration;
			buildSettings = {
				BUNDLE_LOADER = "$(TEST_HOST)";
				FRAMEWORK_SEARCH_PATHS = (
					"$(SDKROOT)/Developer/Library/Frameworks",
					"$(inherited)",
				);
				INFOPLIST_FILE = HelloWorldTests/Info.plist;
				LD_RUNPATH_SEARCH_PATHS = "$(inherited) @executable_path/Frameworks @loader_path/Frameworks";
				PRODUCT_NAME = "$(TARGET_NAME)";
				TEST_HOST = "$(BUILT_PRODUCTS_DIR)/HelloWorld.app/HelloWorld";
			};
			name = Release;
		};
/* End XCBuildConfiguration section */

/* Begin XCConfigurationList section */
		219DE3621B5F27D400A44E15 /* Build configuration list for PBXProject "HelloWorld" */ = {
			isa = XCConfigurationList;
			buildConfigurations = (
				219DE3841B5F27D400A44E15 /* Debug */,
				219DE3851B5F27D400A44E15 /* Release */,
			);
			defaultConfigurationIsVisible = 0;
			defaultConfigurationName = Release;
		};
		219DE3861B5F27D400A44E15 /* Build configuration list for PBXNativeTarget "HelloWorld" */ = {
			isa = XCConfigurationList;
			buildConfigurations = (
				219DE3871B5F27D400A44E15 /* Debug */,
				219DE3881B5F27D400A44E15 /* Release */,
			);
			defaultConfigurationIsVisible = 0;
		};
		219DE3891B5F27D400A44E15 /* Build configuration list for PBXNativeTarget "HelloWorldTests" */ = {
			isa = XCConfigurationList;
			buildConfigurations = (
				219DE38A1B5F27D400A44E15 /* Debug */,
				219DE38B1B5F27D400A44E15 /* Release */,
			);
			defaultConfigurationIsVisible = 0;
		};
/* End XCConfigurationList section */
	};
	rootObject = 219DE35F1B5F27D400A44E15 /* Project object */;
}
